// !$*UTF8*$!
{
	archiveVersion = 1;
	classes = {
	};
	objectVersion = 77;
	objects = {

/* Begin PBXBuildFile section */
		CFC505192D4F9C49009550CC /* AppDelegate.swift in Sources */ = {isa = PBXBuildFile; fileRef = CFC5050F2D4F9C49009550CC /* AppDelegate.swift */; };
		CFC5051A2D4F9C49009550CC /* SceneDelegate.swift in Sources */ = {isa = PBXBuildFile; fileRef = CFC505162D4F9C49009550CC /* SceneDelegate.swift */; };
		CFC5051B2D4F9C49009550CC /* MainViewController.swift in Sources */ = {isa = PBXBuildFile; fileRef = CFC505172D4F9C49009550CC /* MainViewController.swift */; };
		CFC5051C2D4F9C49009550CC /* Assets.xcassets in Resources */ = {isa = PBXBuildFile; fileRef = CFC505102D4F9C49009550CC /* Assets.xcassets */; };
		CFC5051E2D4F9C49009550CC /* LaunchScreen.storyboard in Resources */ = {isa = PBXBuildFile; fileRef = CFC505132D4F9C49009550CC /* LaunchScreen.storyboard */; };
		CFC5051F2D4F9C49009550CC /* Main.storyboard in Resources */ = {isa = PBXBuildFile; fileRef = CFC505152D4F9C49009550CC /* Main.storyboard */; };
		CFC505462D4F9CFD009550CC /* TestingViewController.swift in Sources */ = {isa = PBXBuildFile; fileRef = CFC5053C2D4F9CFD009550CC /* TestingViewController.swift */; };
		CFC505482D4F9CFD009550CC /* ListOfCellIDs.swift in Sources */ = {isa = PBXBuildFile; fileRef = CFC505292D4F9CFD009550CC /* ListOfCellIDs.swift */; };
		CFC505492D4F9CFD009550CC /* EmptyCell.swift in Sources */ = {isa = PBXBuildFile; fileRef = CFC505212D4F9CFD009550CC /* EmptyCell.swift */; };
		CFC5054A2D4F9CFD009550CC /* ItemListCell.swift in Sources */ = {isa = PBXBuildFile; fileRef = CFC505272D4F9CFD009550CC /* ItemListCell.swift */; };
		CFC5054B2D4F9CFD009550CC /* LoadingOverlaySingleton.swift in Sources */ = {isa = PBXBuildFile; fileRef = CFC5052D2D4F9CFD009550CC /* LoadingOverlaySingleton.swift */; };
		CFC5054C2D4F9CFD009550CC /* ListOfPopularMoviesDataModel.swift in Sources */ = {isa = PBXBuildFile; fileRef = CFC505372D4F9CFD009550CC /* ListOfPopularMoviesDataModel.swift */; };
		CFC5054E2D4F9CFD009550CC /* CustomStyles.swift in Sources */ = {isa = PBXBuildFile; fileRef = CFC505432D4F9CFD009550CC /* CustomStyles.swift */; };
		CFC5054F2D4F9CFD009550CC /* ButtonFillView.swift in Sources */ = {isa = PBXBuildFile; fileRef = CFC5052F2D4F9CFD009550CC /* ButtonFillView.swift */; };
		CFC505502D4F9CFD009550CC /* SensitiveConfiguration.swift in Sources */ = {isa = PBXBuildFile; fileRef = CFC505442D4F9CFD009550CC /* SensitiveConfiguration.swift */; };
		CFC505512D4F9CFD009550CC /* ListOfPopularMoviesDataManager.swift in Sources */ = {isa = PBXBuildFile; fileRef = CFC505362D4F9CFD009550CC /* ListOfPopularMoviesDataManager.swift */; };
		CFC505522D4F9CFD009550CC /* Configuration.swift in Sources */ = {isa = PBXBuildFile; fileRef = CFC505422D4F9CFD009550CC /* Configuration.swift */; };
		CFC505532D4F9CFD009550CC /* InfoMessageCell.swift in Sources */ = {isa = PBXBuildFile; fileRef = CFC505242D4F9CFD009550CC /* InfoMessageCell.swift */; };
		CFC5055B2D4F9DBA009550CC /* ListOfPopularMoviesViewController.swift in Sources */ = {isa = PBXBuildFile; fileRef = CFC5055A2D4F9DBA009550CC /* ListOfPopularMoviesViewController.swift */; };
		CFC5055E2D4F9F9B009550CC /* Kingfisher in Frameworks */ = {isa = PBXBuildFile; productRef = CFC5055D2D4F9F9B009550CC /* Kingfisher */; };
		CFD411B42D4FE37F00FA762B /* SensitiveConfiguration.plist in Resources */ = {isa = PBXBuildFile; fileRef = CFD411B32D4FE37F00FA762B /* SensitiveConfiguration.plist */; };
		CFD411B72D4FEDA500FA762B /* InfoMessageCellViewModel.swift in Sources */ = {isa = PBXBuildFile; fileRef = CFD411B62D4FEDA500FA762B /* InfoMessageCellViewModel.swift */; };
/* End PBXBuildFile section */

/* Begin PBXFileReference section */
		CFC504F72D4F9C43009550CC /* UIKIT_CLEAN_Tabla_Con_Componentes_Encapsulados_Codigo.app */ = {isa = PBXFileReference; explicitFileType = wrapper.application; includeInIndex = 0; path = UIKIT_CLEAN_Tabla_Con_Componentes_Encapsulados_Codigo.app; sourceTree = BUILT_PRODUCTS_DIR; };
		CFC5050F2D4F9C49009550CC /* AppDelegate.swift */ = {isa = PBXFileReference; lastKnownFileType = sourcecode.swift; path = AppDelegate.swift; sourceTree = "<group>"; };
		CFC505102D4F9C49009550CC /* Assets.xcassets */ = {isa = PBXFileReference; lastKnownFileType = folder.assetcatalog; path = Assets.xcassets; sourceTree = "<group>"; };
		CFC505112D4F9C49009550CC /* Info.plist */ = {isa = PBXFileReference; lastKnownFileType = text.plist.xml; path = Info.plist; sourceTree = "<group>"; };
		CFC505122D4F9C49009550CC /* Base */ = {isa = PBXFileReference; lastKnownFileType = file.storyboard; name = Base; path = Base.lproj/LaunchScreen.storyboard; sourceTree = "<group>"; };
		CFC505142D4F9C49009550CC /* Base */ = {isa = PBXFileReference; lastKnownFileType = file.storyboard; name = Base; path = Base.lproj/Main.storyboard; sourceTree = "<group>"; };
		CFC505162D4F9C49009550CC /* SceneDelegate.swift */ = {isa = PBXFileReference; lastKnownFileType = sourcecode.swift; path = SceneDelegate.swift; sourceTree = "<group>"; };
		CFC505172D4F9C49009550CC /* MainViewController.swift */ = {isa = PBXFileReference; lastKnownFileType = sourcecode.swift; path = MainViewController.swift; sourceTree = "<group>"; };
		CFC505212D4F9CFD009550CC /* EmptyCell.swift */ = {isa = PBXFileReference; lastKnownFileType = sourcecode.swift; path = EmptyCell.swift; sourceTree = "<group>"; };
		CFC505242D4F9CFD009550CC /* InfoMessageCell.swift */ = {isa = PBXFileReference; lastKnownFileType = sourcecode.swift; path = InfoMessageCell.swift; sourceTree = "<group>"; };
		CFC505272D4F9CFD009550CC /* ItemListCell.swift */ = {isa = PBXFileReference; lastKnownFileType = sourcecode.swift; path = ItemListCell.swift; sourceTree = "<group>"; };
		CFC505292D4F9CFD009550CC /* ListOfCellIDs.swift */ = {isa = PBXFileReference; lastKnownFileType = sourcecode.swift; path = ListOfCellIDs.swift; sourceTree = "<group>"; };
		CFC5052D2D4F9CFD009550CC /* LoadingOverlaySingleton.swift */ = {isa = PBXFileReference; lastKnownFileType = sourcecode.swift; path = LoadingOverlaySingleton.swift; sourceTree = "<group>"; };
		CFC5052F2D4F9CFD009550CC /* ButtonFillView.swift */ = {isa = PBXFileReference; lastKnownFileType = sourcecode.swift; path = ButtonFillView.swift; sourceTree = "<group>"; };
		CFC505362D4F9CFD009550CC /* ListOfPopularMoviesDataManager.swift */ = {isa = PBXFileReference; lastKnownFileType = sourcecode.swift; path = ListOfPopularMoviesDataManager.swift; sourceTree = "<group>"; };
		CFC505372D4F9CFD009550CC /* ListOfPopularMoviesDataModel.swift */ = {isa = PBXFileReference; lastKnownFileType = sourcecode.swift; path = ListOfPopularMoviesDataModel.swift; sourceTree = "<group>"; };
		CFC5053C2D4F9CFD009550CC /* TestingViewController.swift */ = {isa = PBXFileReference; lastKnownFileType = sourcecode.swift; path = TestingViewController.swift; sourceTree = "<group>"; };
		CFC505422D4F9CFD009550CC /* Configuration.swift */ = {isa = PBXFileReference; lastKnownFileType = sourcecode.swift; path = Configuration.swift; sourceTree = "<group>"; };
		CFC505432D4F9CFD009550CC /* CustomStyles.swift */ = {isa = PBXFileReference; lastKnownFileType = sourcecode.swift; path = CustomStyles.swift; sourceTree = "<group>"; };
		CFC505442D4F9CFD009550CC /* SensitiveConfiguration.swift */ = {isa = PBXFileReference; lastKnownFileType = sourcecode.swift; path = SensitiveConfiguration.swift; sourceTree = "<group>"; };
		CFC5055A2D4F9DBA009550CC /* ListOfPopularMoviesViewController.swift */ = {isa = PBXFileReference; lastKnownFileType = sourcecode.swift; path = ListOfPopularMoviesViewController.swift; sourceTree = "<group>"; };
		CFD411B32D4FE37F00FA762B /* SensitiveConfiguration.plist */ = {isa = PBXFileReference; lastKnownFileType = text.plist.xml; path = SensitiveConfiguration.plist; sourceTree = "<group>"; };
		CFD411B62D4FEDA500FA762B /* InfoMessageCellViewModel.swift */ = {isa = PBXFileReference; lastKnownFileType = sourcecode.swift; path = InfoMessageCellViewModel.swift; sourceTree = "<group>"; };
/* End PBXFileReference section */

/* Begin PBXFrameworksBuildPhase section */
		CFC504F42D4F9C43009550CC /* Frameworks */ = {
			isa = PBXFrameworksBuildPhase;
			buildActionMask = 2147483647;
			files = (
				CFC5055E2D4F9F9B009550CC /* Kingfisher in Frameworks */,
			);
			runOnlyForDeploymentPostprocessing = 0;
		};
/* End PBXFrameworksBuildPhase section */

/* Begin PBXGroup section */
		CFC504EE2D4F9C43009550CC = {
			isa = PBXGroup;
			children = (
				CFD411B32D4FE37F00FA762B /* SensitiveConfiguration.plist */,
				CFC505182D4F9C49009550CC /* UIKIT_CLEAN_Tabla_Con_Componentes_Encapsulados_Codigo */,
				CFC504F82D4F9C43009550CC /* Products */,
			);
			sourceTree = "<group>";
		};
		CFC504F82D4F9C43009550CC /* Products */ = {
			isa = PBXGroup;
			children = (
				CFC504F72D4F9C43009550CC /* UIKIT_CLEAN_Tabla_Con_Componentes_Encapsulados_Codigo.app */,
			);
			name = Products;
			sourceTree = "<group>";
		};
		CFC505182D4F9C49009550CC /* UIKIT_CLEAN_Tabla_Con_Componentes_Encapsulados_Codigo */ = {
			isa = PBXGroup;
			children = (
				CFC505102D4F9C49009550CC /* Assets.xcassets */,
				CFC505112D4F9C49009550CC /* Info.plist */,
				CFC5050F2D4F9C49009550CC /* AppDelegate.swift */,
				CFC505162D4F9C49009550CC /* SceneDelegate.swift */,
				CFC505132D4F9C49009550CC /* LaunchScreen.storyboard */,
				CFC505152D4F9C49009550CC /* Main.storyboard */,
				CFC505172D4F9C49009550CC /* MainViewController.swift */,
				CFC505202D4F9CB1009550CC /* Feature */,
			);
			path = UIKIT_CLEAN_Tabla_Con_Componentes_Encapsulados_Codigo;
			sourceTree = "<group>";
		};
		CFC505202D4F9CB1009550CC /* Feature */ = {
			isa = PBXGroup;
			children = (
				CFC505452D4F9CFD009550CC /* Utils */,
				CFC505332D4F9CFD009550CC /* Components */,
				CFC505412D4F9CFD009550CC /* Modules */,
			);
			path = Feature;
			sourceTree = "<group>";
		};
		CFC505232D4F9CFD009550CC /* EmptyCell */ = {
			isa = PBXGroup;
			children = (
				CFC505212D4F9CFD009550CC /* EmptyCell.swift */,
			);
			path = EmptyCell;
			sourceTree = "<group>";
		};
		CFC505262D4F9CFD009550CC /* InfoMessageCell */ = {
			isa = PBXGroup;
			children = (
				CFC505242D4F9CFD009550CC /* InfoMessageCell.swift */,
				CFD411B62D4FEDA500FA762B /* InfoMessageCellViewModel.swift */,
			);
			path = InfoMessageCell;
			sourceTree = "<group>";
		};
		CFC505282D4F9CFD009550CC /* ItemListCell */ = {
			isa = PBXGroup;
			children = (
				CFC505272D4F9CFD009550CC /* ItemListCell.swift */,
			);
			path = ItemListCell;
			sourceTree = "<group>";
		};
		CFC5052B2D4F9CFD009550CC /* Utils */ = {
			isa = PBXGroup;
			children = (
				CFC505292D4F9CFD009550CC /* ListOfCellIDs.swift */,
			);
			path = Utils;
			sourceTree = "<group>";
		};
		CFC5052C2D4F9CFD009550CC /* Cells */ = {
			isa = PBXGroup;
			children = (
				CFC5052B2D4F9CFD009550CC /* Utils */,
				CFC505232D4F9CFD009550CC /* EmptyCell */,
				CFC505262D4F9CFD009550CC /* InfoMessageCell */,
				CFC505282D4F9CFD009550CC /* ItemListCell */,
			);
			path = Cells;
			sourceTree = "<group>";
		};
		CFC5052E2D4F9CFD009550CC /* Overlays */ = {
			isa = PBXGroup;
			children = (
				CFC5052D2D4F9CFD009550CC /* LoadingOverlaySingleton.swift */,
			);
			path = Overlays;
			sourceTree = "<group>";
		};
		CFC505312D4F9CFD009550CC /* ButtonFillView */ = {
			isa = PBXGroup;
			children = (
				CFC5052F2D4F9CFD009550CC /* ButtonFillView.swift */,
			);
			path = ButtonFillView;
			sourceTree = "<group>";
		};
		CFC505322D4F9CFD009550CC /* Views */ = {
			isa = PBXGroup;
			children = (
				CFC505312D4F9CFD009550CC /* ButtonFillView */,
			);
			path = Views;
			sourceTree = "<group>";
		};
		CFC505332D4F9CFD009550CC /* Components */ = {
			isa = PBXGroup;
			children = (
				CFC5052C2D4F9CFD009550CC /* Cells */,
				CFC5052E2D4F9CFD009550CC /* Overlays */,
				CFC505322D4F9CFD009550CC /* Views */,
			);
			path = Components;
			sourceTree = "<group>";
		};
		CFC505382D4F9CFD009550CC /* Data */ = {
			isa = PBXGroup;
			children = (
				CFC505362D4F9CFD009550CC /* ListOfPopularMoviesDataManager.swift */,
				CFC505372D4F9CFD009550CC /* ListOfPopularMoviesDataModel.swift */,
			);
			path = Data;
			sourceTree = "<group>";
		};
		CFC5053B2D4F9CFD009550CC /* ListOfPopularMoviesModule */ = {
			isa = PBXGroup;
			children = (
				CFC505382D4F9CFD009550CC /* Data */,
				CFC505592D4F9D47009550CC /* ViewControllers */,
			);
			path = ListOfPopularMoviesModule;
			sourceTree = "<group>";
		};
		CFC5053D2D4F9CFD009550CC /* ViewControllers */ = {
			isa = PBXGroup;
			children = (
				CFC5053C2D4F9CFD009550CC /* TestingViewController.swift */,
			);
			path = ViewControllers;
			sourceTree = "<group>";
		};
		CFC505402D4F9CFD009550CC /* TestingModule */ = {
			isa = PBXGroup;
			children = (
				CFC5053D2D4F9CFD009550CC /* ViewControllers */,
			);
			path = TestingModule;
			sourceTree = "<group>";
		};
		CFC505412D4F9CFD009550CC /* Modules */ = {
			isa = PBXGroup;
			children = (
				CFC505402D4F9CFD009550CC /* TestingModule */,
				CFC5053B2D4F9CFD009550CC /* ListOfPopularMoviesModule */,
			);
			path = Modules;
			sourceTree = "<group>";
		};
		CFC505452D4F9CFD009550CC /* Utils */ = {
			isa = PBXGroup;
			children = (
				CFC505422D4F9CFD009550CC /* Configuration.swift */,
				CFC505432D4F9CFD009550CC /* CustomStyles.swift */,
				CFC505442D4F9CFD009550CC /* SensitiveConfiguration.swift */,
			);
			path = Utils;
			sourceTree = "<group>";
		};
		CFC505592D4F9D47009550CC /* ViewControllers */ = {
			isa = PBXGroup;
			children = (
				CFC5055A2D4F9DBA009550CC /* ListOfPopularMoviesViewController.swift */,
			);
			path = ViewControllers;
			sourceTree = "<group>";
		};
/* End PBXGroup section */

/* Begin PBXNativeTarget section */
		CFC504F62D4F9C43009550CC /* UIKIT_CLEAN_Tabla_Con_Componentes_Encapsulados_Codigo */ = {
			isa = PBXNativeTarget;
			buildConfigurationList = CFC5050A2D4F9C44009550CC /* Build configuration list for PBXNativeTarget "UIKIT_CLEAN_Tabla_Con_Componentes_Encapsulados_Codigo" */;
			buildPhases = (
				CFC504F32D4F9C43009550CC /* Sources */,
				CFC504F42D4F9C43009550CC /* Frameworks */,
				CFC504F52D4F9C43009550CC /* Resources */,
			);
			buildRules = (
			);
			dependencies = (
			);
			name = UIKIT_CLEAN_Tabla_Con_Componentes_Encapsulados_Codigo;
			packageProductDependencies = (
				CFC5055D2D4F9F9B009550CC /* Kingfisher */,
			);
			productName = UIKIT_CLEAN_Tabla_Con_Componentes_Encapsulados_Codigo;
			productReference = CFC504F72D4F9C43009550CC /* UIKIT_CLEAN_Tabla_Con_Componentes_Encapsulados_Codigo.app */;
			productType = "com.apple.product-type.application";
		};
/* End PBXNativeTarget section */

/* Begin PBXProject section */
		CFC504EF2D4F9C43009550CC /* Project object */ = {
			isa = PBXProject;
			attributes = {
				BuildIndependentTargetsInParallel = 1;
				LastSwiftUpdateCheck = 1600;
				LastUpgradeCheck = 1600;
				TargetAttributes = {
					CFC504F62D4F9C43009550CC = {
						CreatedOnToolsVersion = 16.0;
					};
				};
			};
			buildConfigurationList = CFC504F22D4F9C43009550CC /* Build configuration list for PBXProject "UIKIT_CLEAN_Tabla_Con_Componentes_Encapsulados_Codigo" */;
			developmentRegion = en;
			hasScannedForEncodings = 0;
			knownRegions = (
				en,
				Base,
			);
			mainGroup = CFC504EE2D4F9C43009550CC;
			minimizedProjectReferenceProxies = 1;
			packageReferences = (
				CFC5055C2D4F9F9B009550CC /* XCRemoteSwiftPackageReference "Kingfisher" */,
			);
			preferredProjectObjectVersion = 77;
			productRefGroup = CFC504F82D4F9C43009550CC /* Products */;
			projectDirPath = "";
			projectRoot = "";
			targets = (
				CFC504F62D4F9C43009550CC /* UIKIT_CLEAN_Tabla_Con_Componentes_Encapsulados_Codigo */,
			);
		};
/* End PBXProject section */

/* Begin PBXResourcesBuildPhase section */
		CFC504F52D4F9C43009550CC /* Resources */ = {
			isa = PBXResourcesBuildPhase;
			buildActionMask = 2147483647;
			files = (
				CFD411B42D4FE37F00FA762B /* SensitiveConfiguration.plist in Resources */,
				CFC5051C2D4F9C49009550CC /* Assets.xcassets in Resources */,
				CFC5051E2D4F9C49009550CC /* LaunchScreen.storyboard in Resources */,
				CFC5051F2D4F9C49009550CC /* Main.storyboard in Resources */,
			);
			runOnlyForDeploymentPostprocessing = 0;
		};
/* End PBXResourcesBuildPhase section */

/* Begin PBXSourcesBuildPhase section */
		CFC504F32D4F9C43009550CC /* Sources */ = {
			isa = PBXSourcesBuildPhase;
			buildActionMask = 2147483647;
			files = (
				CFC505192D4F9C49009550CC /* AppDelegate.swift in Sources */,
				CFC5051A2D4F9C49009550CC /* SceneDelegate.swift in Sources */,
				CFC505462D4F9CFD009550CC /* TestingViewController.swift in Sources */,
				CFC505482D4F9CFD009550CC /* ListOfCellIDs.swift in Sources */,
				CFC505492D4F9CFD009550CC /* EmptyCell.swift in Sources */,
				CFC5054A2D4F9CFD009550CC /* ItemListCell.swift in Sources */,
				CFC5054B2D4F9CFD009550CC /* LoadingOverlaySingleton.swift in Sources */,
				CFC5054C2D4F9CFD009550CC /* ListOfPopularMoviesDataModel.swift in Sources */,
				CFC5054E2D4F9CFD009550CC /* CustomStyles.swift in Sources */,
				CFC5054F2D4F9CFD009550CC /* ButtonFillView.swift in Sources */,
				CFC505502D4F9CFD009550CC /* SensitiveConfiguration.swift in Sources */,
				CFD411B72D4FEDA500FA762B /* InfoMessageCellViewModel.swift in Sources */,
				CFC505512D4F9CFD009550CC /* ListOfPopularMoviesDataManager.swift in Sources */,
				CFC5055B2D4F9DBA009550CC /* ListOfPopularMoviesViewController.swift in Sources */,
				CFC505522D4F9CFD009550CC /* Configuration.swift in Sources */,
				CFC505532D4F9CFD009550CC /* InfoMessageCell.swift in Sources */,
				CFC5051B2D4F9C49009550CC /* MainViewController.swift in Sources */,
			);
			runOnlyForDeploymentPostprocessing = 0;
		};
/* End PBXSourcesBuildPhase section */

/* Begin PBXVariantGroup section */
		CFC505132D4F9C49009550CC /* LaunchScreen.storyboard */ = {
			isa = PBXVariantGroup;
			children = (
				CFC505122D4F9C49009550CC /* Base */,
			);
			name = LaunchScreen.storyboard;
			sourceTree = "<group>";
		};
		CFC505152D4F9C49009550CC /* Main.storyboard */ = {
			isa = PBXVariantGroup;
			children = (
				CFC505142D4F9C49009550CC /* Base */,
			);
			name = Main.storyboard;
			sourceTree = "<group>";
		};
/* End PBXVariantGroup section */

/* Begin XCBuildConfiguration section */
		CFC5050B2D4F9C44009550CC /* Debug */ = {
			isa = XCBuildConfiguration;
			buildSettings = {
				ASSETCATALOG_COMPILER_APPICON_NAME = AppIcon;
				ASSETCATALOG_COMPILER_GLOBAL_ACCENT_COLOR_NAME = AccentColor;
				CODE_SIGN_STYLE = Automatic;
				CURRENT_PROJECT_VERSION = 1;
				DEVELOPMENT_TEAM = N6Z7FNBDDQ;
				GENERATE_INFOPLIST_FILE = YES;
				INFOPLIST_FILE = UIKIT_CLEAN_Tabla_Con_Componentes_Encapsulados_Codigo/Info.plist;
				INFOPLIST_KEY_UIApplicationSupportsIndirectInputEvents = YES;
				INFOPLIST_KEY_UILaunchStoryboardName = LaunchScreen;
				INFOPLIST_KEY_UIMainStoryboardFile = Main;
				INFOPLIST_KEY_UISupportedInterfaceOrientations_iPad = "UIInterfaceOrientationPortrait UIInterfaceOrientationPortraitUpsideDown UIInterfaceOrientationLandscapeLeft UIInterfaceOrientationLandscapeRight";
				INFOPLIST_KEY_UISupportedInterfaceOrientations_iPhone = "UIInterfaceOrientationPortrait UIInterfaceOrientationLandscapeLeft UIInterfaceOrientationLandscapeRight";
				LD_RUNPATH_SEARCH_PATHS = (
					"$(inherited)",
					"@executable_path/Frameworks",
				);
				MARKETING_VERSION = 1.0;
				PRODUCT_BUNDLE_IDENTIFIER = "com.garquesj.UIKIT-CLEAN-Tabla-Con-Componentes-Encapsulados-Codigo";
				PRODUCT_NAME = "$(TARGET_NAME)";
				SWIFT_EMIT_LOC_STRINGS = YES;
				SWIFT_VERSION = 5.0;
				TARGETED_DEVICE_FAMILY = "1,2";
			};
			name = Debug;
		};
		CFC5050C2D4F9C44009550CC /* Release */ = {
			isa = XCBuildConfiguration;
			buildSettings = {
				ASSETCATALOG_COMPILER_APPICON_NAME = AppIcon;
				ASSETCATALOG_COMPILER_GLOBAL_ACCENT_COLOR_NAME = AccentColor;
				CODE_SIGN_STYLE = Automatic;
				CURRENT_PROJECT_VERSION = 1;
				DEVELOPMENT_TEAM = N6Z7FNBDDQ;
				GENERATE_INFOPLIST_FILE = YES;
				INFOPLIST_FILE = UIKIT_CLEAN_Tabla_Con_Componentes_Encapsulados_Codigo/Info.plist;
				INFOPLIST_KEY_UIApplicationSupportsIndirectInputEvents = YES;
				INFOPLIST_KEY_UILaunchStoryboardName = LaunchScreen;
				INFOPLIST_KEY_UIMainStoryboardFile = Main;
				INFOPLIST_KEY_UISupportedInterfaceOrientations_iPad = "UIInterfaceOrientationPortrait UIInterfaceOrientationPortraitUpsideDown UIInterfaceOrientationLandscapeLeft UIInterfaceOrientationLandscapeRight";
				INFOPLIST_KEY_UISupportedInterfaceOrientations_iPhone = "UIInterfaceOrientationPortrait UIInterfaceOrientationLandscapeLeft UIInterfaceOrientationLandscapeRight";
				LD_RUNPATH_SEARCH_PATHS = (
					"$(inherited)",
					"@executable_path/Frameworks",
				);
				MARKETING_VERSION = 1.0;
				PRODUCT_BUNDLE_IDENTIFIER = "com.garquesj.UIKIT-CLEAN-Tabla-Con-Componentes-Encapsulados-Codigo";
				PRODUCT_NAME = "$(TARGET_NAME)";
				SWIFT_EMIT_LOC_STRINGS = YES;
				SWIFT_VERSION = 5.0;
				TARGETED_DEVICE_FAMILY = "1,2";
			};
			name = Release;
		};
		CFC5050D2D4F9C44009550CC /* Debug */ = {
			isa = XCBuildConfiguration;
			buildSettings = {
				ALWAYS_SEARCH_USER_PATHS = NO;
				ASSETCATALOG_COMPILER_GENERATE_SWIFT_ASSET_SYMBOL_EXTENSIONS = YES;
				CLANG_ANALYZER_NONNULL = YES;
				CLANG_ANALYZER_NUMBER_OBJECT_CONVERSION = YES_AGGRESSIVE;
				CLANG_CXX_LANGUAGE_STANDARD = "gnu++20";
				CLANG_ENABLE_MODULES = YES;
				CLANG_ENABLE_OBJC_ARC = YES;
				CLANG_ENABLE_OBJC_WEAK = YES;
				CLANG_WARN_BLOCK_CAPTURE_AUTORELEASING = YES;
				CLANG_WARN_BOOL_CONVERSION = YES;
				CLANG_WARN_COMMA = YES;
				CLANG_WARN_CONSTANT_CONVERSION = YES;
				CLANG_WARN_DEPRECATED_OBJC_IMPLEMENTATIONS = YES;
				CLANG_WARN_DIRECT_OBJC_ISA_USAGE = YES_ERROR;
				CLANG_WARN_DOCUMENTATION_COMMENTS = YES;
				CLANG_WARN_EMPTY_BODY = YES;
				CLANG_WARN_ENUM_CONVERSION = YES;
				CLANG_WARN_INFINITE_RECURSION = YES;
				CLANG_WARN_INT_CONVERSION = YES;
				CLANG_WARN_NON_LITERAL_NULL_CONVERSION = YES;
				CLANG_WARN_OBJC_IMPLICIT_RETAIN_SELF = YES;
				CLANG_WARN_OBJC_LITERAL_CONVERSION = YES;
				CLANG_WARN_OBJC_ROOT_CLASS = YES_ERROR;
				CLANG_WARN_QUOTED_INCLUDE_IN_FRAMEWORK_HEADER = YES;
				CLANG_WARN_RANGE_LOOP_ANALYSIS = YES;
				CLANG_WARN_STRICT_PROTOTYPES = YES;
				CLANG_WARN_SUSPICIOUS_MOVE = YES;
				CLANG_WARN_UNGUARDED_AVAILABILITY = YES_AGGRESSIVE;
				CLANG_WARN_UNREACHABLE_CODE = YES;
				CLANG_WARN__DUPLICATE_METHOD_MATCH = YES;
				COPY_PHASE_STRIP = NO;
				DEBUG_INFORMATION_FORMAT = dwarf;
				ENABLE_STRICT_OBJC_MSGSEND = YES;
				ENABLE_TESTABILITY = YES;
				ENABLE_USER_SCRIPT_SANDBOXING = YES;
				GCC_C_LANGUAGE_STANDARD = gnu17;
				GCC_DYNAMIC_NO_PIC = NO;
				GCC_NO_COMMON_BLOCKS = YES;
				GCC_OPTIMIZATION_LEVEL = 0;
				GCC_PREPROCESSOR_DEFINITIONS = (
					"DEBUG=1",
					"$(inherited)",
				);
				GCC_WARN_64_TO_32_BIT_CONVERSION = YES;
				GCC_WARN_ABOUT_RETURN_TYPE = YES_ERROR;
				GCC_WARN_UNDECLARED_SELECTOR = YES;
				GCC_WARN_UNINITIALIZED_AUTOS = YES_AGGRESSIVE;
				GCC_WARN_UNUSED_FUNCTION = YES;
				GCC_WARN_UNUSED_VARIABLE = YES;
				IPHONEOS_DEPLOYMENT_TARGET = 18.0;
				LOCALIZATION_PREFERS_STRING_CATALOGS = YES;
				MTL_ENABLE_DEBUG_INFO = INCLUDE_SOURCE;
				MTL_FAST_MATH = YES;
				ONLY_ACTIVE_ARCH = YES;
				SDKROOT = iphoneos;
				SWIFT_ACTIVE_COMPILATION_CONDITIONS = "DEBUG $(inherited)";
				SWIFT_OPTIMIZATION_LEVEL = "-Onone";
			};
			name = Debug;
		};
		CFC5050E2D4F9C44009550CC /* Release */ = {
			isa = XCBuildConfiguration;
			buildSettings = {
				ALWAYS_SEARCH_USER_PATHS = NO;
				ASSETCATALOG_COMPILER_GENERATE_SWIFT_ASSET_SYMBOL_EXTENSIONS = YES;
				CLANG_ANALYZER_NONNULL = YES;
				CLANG_ANALYZER_NUMBER_OBJECT_CONVERSION = YES_AGGRESSIVE;
				CLANG_CXX_LANGUAGE_STANDARD = "gnu++20";
				CLANG_ENABLE_MODULES = YES;
				CLANG_ENABLE_OBJC_ARC = YES;
				CLANG_ENABLE_OBJC_WEAK = YES;
				CLANG_WARN_BLOCK_CAPTURE_AUTORELEASING = YES;
				CLANG_WARN_BOOL_CONVERSION = YES;
				CLANG_WARN_COMMA = YES;
				CLANG_WARN_CONSTANT_CONVERSION = YES;
				CLANG_WARN_DEPRECATED_OBJC_IMPLEMENTATIONS = YES;
				CLANG_WARN_DIRECT_OBJC_ISA_USAGE = YES_ERROR;
				CLANG_WARN_DOCUMENTATION_COMMENTS = YES;
				CLANG_WARN_EMPTY_BODY = YES;
				CLANG_WARN_ENUM_CONVERSION = YES;
				CLANG_WARN_INFINITE_RECURSION = YES;
				CLANG_WARN_INT_CONVERSION = YES;
				CLANG_WARN_NON_LITERAL_NULL_CONVERSION = YES;
				CLANG_WARN_OBJC_IMPLICIT_RETAIN_SELF = YES;
				CLANG_WARN_OBJC_LITERAL_CONVERSION = YES;
				CLANG_WARN_OBJC_ROOT_CLASS = YES_ERROR;
				CLANG_WARN_QUOTED_INCLUDE_IN_FRAMEWORK_HEADER = YES;
				CLANG_WARN_RANGE_LOOP_ANALYSIS = YES;
				CLANG_WARN_STRICT_PROTOTYPES = YES;
				CLANG_WARN_SUSPICIOUS_MOVE = YES;
				CLANG_WARN_UNGUARDED_AVAILABILITY = YES_AGGRESSIVE;
				CLANG_WARN_UNREACHABLE_CODE = YES;
				CLANG_WARN__DUPLICATE_METHOD_MATCH = YES;
				COPY_PHASE_STRIP = NO;
				DEBUG_INFORMATION_FORMAT = "dwarf-with-dsym";
				ENABLE_NS_ASSERTIONS = NO;
				ENABLE_STRICT_OBJC_MSGSEND = YES;
				ENABLE_USER_SCRIPT_SANDBOXING = YES;
				GCC_C_LANGUAGE_STANDARD = gnu17;
				GCC_NO_COMMON_BLOCKS = YES;
				GCC_WARN_64_TO_32_BIT_CONVERSION = YES;
				GCC_WARN_ABOUT_RETURN_TYPE = YES_ERROR;
				GCC_WARN_UNDECLARED_SELECTOR = YES;
				GCC_WARN_UNINITIALIZED_AUTOS = YES_AGGRESSIVE;
				GCC_WARN_UNUSED_FUNCTION = YES;
				GCC_WARN_UNUSED_VARIABLE = YES;
				IPHONEOS_DEPLOYMENT_TARGET = 18.0;
				LOCALIZATION_PREFERS_STRING_CATALOGS = YES;
				MTL_ENABLE_DEBUG_INFO = NO;
				MTL_FAST_MATH = YES;
				SDKROOT = iphoneos;
				SWIFT_COMPILATION_MODE = wholemodule;
				VALIDATE_PRODUCT = YES;
			};
			name = Release;
		};
/* End XCBuildConfiguration section */

/* Begin XCConfigurationList section */
		CFC504F22D4F9C43009550CC /* Build configuration list for PBXProject "UIKIT_CLEAN_Tabla_Con_Componentes_Encapsulados_Codigo" */ = {
			isa = XCConfigurationList;
			buildConfigurations = (
				CFC5050D2D4F9C44009550CC /* Debug */,
				CFC5050E2D4F9C44009550CC /* Release */,
			);
			defaultConfigurationIsVisible = 0;
			defaultConfigurationName = Release;
		};
		CFC5050A2D4F9C44009550CC /* Build configuration list for PBXNativeTarget "UIKIT_CLEAN_Tabla_Con_Componentes_Encapsulados_Codigo" */ = {
			isa = XCConfigurationList;
			buildConfigurations = (
				CFC5050B2D4F9C44009550CC /* Debug */,
				CFC5050C2D4F9C44009550CC /* Release */,
			);
			defaultConfigurationIsVisible = 0;
			defaultConfigurationName = Release;
		};
/* End XCConfigurationList section */

/* Begin XCRemoteSwiftPackageReference section */
		CFC5055C2D4F9F9B009550CC /* XCRemoteSwiftPackageReference "Kingfisher" */ = {
			isa = XCRemoteSwiftPackageReference;
			repositoryURL = "https://github.com/onevcat/Kingfisher.git";
			requirement = {
				kind = upToNextMajorVersion;
				minimumVersion = 8.1.4;
			};
		};
/* End XCRemoteSwiftPackageReference section */

/* Begin XCSwiftPackageProductDependency section */
		CFC5055D2D4F9F9B009550CC /* Kingfisher */ = {
			isa = XCSwiftPackageProductDependency;
			package = CFC5055C2D4F9F9B009550CC /* XCRemoteSwiftPackageReference "Kingfisher" */;
			productName = Kingfisher;
		};
/* End XCSwiftPackageProductDependency section */
	};
	rootObject = CFC504EF2D4F9C43009550CC /* Project object */;
}
